
Microsoft Visual Studio Solution File, Format Version 12.00
# Visual Studio Version 17
VisualStudioVersion = 17.10.34928.147
MinimumVisualStudioVersion = 10.0.40219.1
Project("{FAE04EC0-301F-11D3-BF4B-00C04F79EFBC}") = "BookRentalMangement_v2", "BookRentalMangement_v2\BookRentalMangement_v2.csproj", "{20BD9059-46DC-4389-9D55-4E41E7B9B1E8}"
EndProject
Global
	GlobalSection(SolutionConfigurationPlatforms) = preSolution
		Debug|Any CPU = Debug|Any CPU
		Release|Any CPU = Release|Any CPU
	EndGlobalSection
	GlobalSection(ProjectConfigurationPlatforms) = postSolution
		{20BD9059-46DC-4389-9D55-4E41E7B9B1E8}.Debug|Any CPU.ActiveCfg = Debug|Any CPU
		{20BD9059-46DC-4389-9D55-4E41E7B9B1E8}.Debug|Any CPU.Build.0 = Debug|Any CPU
		{20BD9059-46DC-4389-9D55-4E41E7B9B1E8}.Release|Any CPU.ActiveCfg = Release|Any CPU
		{20BD9059-46DC-4389-9D55-4E41E7B9B1E8}.Release|Any CPU.Build.0 = Release|Any CPU
	EndGlobalSection
	GlobalSection(SolutionProperties) = preSolution
		HideSolutionNode = FALSE
	EndGlobalSection
	GlobalSection(ExtensibilityGlobals) = postSolution
		SolutionGuid = {F7647B25-0752-4944-9AD5-32B80FC5BF13}
	EndGlobalSection
EndGlobal
